NeoBundleLock YouCompleteMe 87f0f7e16dff3e426d4982c9c74e5ed70fed7e33
NeoBundleLock ZoomWin cf21ce1f4bfec10fe7e446c08e9e647a2a234e03
NeoBundleLock ctrlp.vim 28fce0fb860fe8df0915da1de1fb6e90d6ab2edc
NeoBundleLock neobundle.vim 6bf4fa1cf3cebfed76f5e300949faef0b78fbfbc
NeoBundleLock nerdtree 35c859179da4ad4f96eb8255e428904436a0b4b4
NeoBundleLock taglist.vim 53041fbc45398a9af631a20657e109707a455339
NeoBundleLock vim-airline e83ed2408878ddd3bedf07d563b3ec1139a8f5ec
NeoBundleLock vim-airline-themes 2a97d9ee410d7b9980a7741fc6e705d53eea23c2
NeoBundleLock vim-buffergator c07d16dd3df10bbb5adc3e9b009e341bfa1f673e
NeoBundleLock vim-colorschemes 189f5182bb70fd35d0f56fee451c3f22a2a80135
NeoBundleLock vim-tmux-navigator e79d4c0c24c43d3ada283b1f5a1b8fa6cf820a70
NeoBundleLock vimproc.vim 25cb83f24edec4aec1e9f1329302235e7a7a7fe0
NeoBundleLock vimshell 3787e52766812d8b99a93ccdda57517bc2a0bab6
