NeoBundleLock SyntaxRange 74894260c0d1c281b5141df492495aa9c43fd620
NeoBundleLock YouCompleteMe 5198fd9a09960b9a1919ef2400007f9bfab33a65
NeoBundleLock ZoomWin cf21ce1f4bfec10fe7e446c08e9e647a2a234e03
NeoBundleLock ctrlp.vim 2868678a987834563bbc384763135462c2423eb8
NeoBundleLock neobundle.vim 6bf4fa1cf3cebfed76f5e300949faef0b78fbfbc
NeoBundleLock nerdtree eee431dbd44111c858c6d33ffd366cae1f17f8b3
NeoBundleLock taglist.vim 53041fbc45398a9af631a20657e109707a455339
NeoBundleLock typescript-vim 7e25a901af7cd993498cc9ecfc833ca2ac21db7a
NeoBundleLock vim-airline e83ed2408878ddd3bedf07d563b3ec1139a8f5ec
NeoBundleLock vim-airline-themes 2a97d9ee410d7b9980a7741fc6e705d53eea23c2
NeoBundleLock vim-buffergator c07d16dd3df10bbb5adc3e9b009e341bfa1f673e
NeoBundleLock vim-colorschemes b8dff40f69f1873effbed97c759a8452ecb240ed
NeoBundleLock vim-orgmode 67a693c37bac75ba163d35b9972efd0c7e0deb71
NeoBundleLock vim-speeddating 426c792e479f6e1650a6996c683943a09344c21e
NeoBundleLock vim-tmux-navigator e79d4c0c24c43d3ada283b1f5a1b8fa6cf820a70
NeoBundleLock vimproc.vim 25cb83f24edec4aec1e9f1329302235e7a7a7fe0
NeoBundleLock vimshell d0c5bef010237855b4de25863bc54895effe5d7a
